
Microsoft Visual Studio Solution File, Format Version 12.00
# Visual Studio Version 16
VisualStudioVersion = 16.0.30225.117
MinimumVisualStudioVersion = 10.0.40219.1
Project("{FAE04EC0-301F-11D3-BF4B-00C04F79EFBC}") = "SignalRNotificationSystem", "SignalRNotificationSystem\SignalRNotificationSystem.csproj", "{B9B9434B-E009-4EFC-9310-780E0F340C0E}"
EndProject
Global
	GlobalSection(SolutionConfigurationPlatforms) = preSolution
		Debug|Any CPU = Debug|Any CPU
		Release|Any CPU = Release|Any CPU
	EndGlobalSection
	GlobalSection(ProjectConfigurationPlatforms) = postSolution
		{B9B9434B-E009-4EFC-9310-780E0F340C0E}.Debug|Any CPU.ActiveCfg = Debug|Any CPU
		{B9B9434B-E009-4EFC-9310-780E0F340C0E}.Debug|Any CPU.Build.0 = Debug|Any CPU
		{B9B9434B-E009-4EFC-9310-780E0F340C0E}.Release|Any CPU.ActiveCfg = Release|Any CPU
		{B9B9434B-E009-4EFC-9310-780E0F340C0E}.Release|Any CPU.Build.0 = Release|Any CPU
	EndGlobalSection
	GlobalSection(SolutionProperties) = preSolution
		HideSolutionNode = FALSE
	EndGlobalSection
	GlobalSection(ExtensibilityGlobals) = postSolution
		SolutionGuid = {C245D5B1-A6FA-4AB3-AD10-802BCE497F2C}
	EndGlobalSection
EndGlobal
